// !$*UTF8*$!
{
	archiveVersion = 1;
	classes = {
	};
	objectVersion = 50;
	objects = {

/* Begin PBXBuildFile section */
		202AD20A24BF739800EA0B79 /* SampleAView.swift in Sources */ = {isa = PBXBuildFile; fileRef = 202AD20924BF739800EA0B79 /* SampleAView.swift */; };
		205DD6AA24C0AC7D00309AAD /* SampleBView.swift in Sources */ = {isa = PBXBuildFile; fileRef = 205DD6A924C0AC7D00309AAD /* SampleBView.swift */; };
		205DD6AE24C0ACE500309AAD /* SampleAViewModel.swift in Sources */ = {isa = PBXBuildFile; fileRef = 205DD6AD24C0ACE500309AAD /* SampleAViewModel.swift */; };
		205DD6B024C0B2BC00309AAD /* SampleBViewModel.swift in Sources */ = {isa = PBXBuildFile; fileRef = 205DD6AF24C0B2BC00309AAD /* SampleBViewModel.swift */; };
		205DD6B424C0B3AB00309AAD /* SampleCView.swift in Sources */ = {isa = PBXBuildFile; fileRef = 205DD6B324C0B3AB00309AAD /* SampleCView.swift */; };
		205DD6B624C0B3C300309AAD /* SampleCViewModel.swift in Sources */ = {isa = PBXBuildFile; fileRef = 205DD6B524C0B3C300309AAD /* SampleCViewModel.swift */; };
		205DD6B924C0B8D200309AAD /* SampleRow.swift in Sources */ = {isa = PBXBuildFile; fileRef = 205DD6B824C0B8D200309AAD /* SampleRow.swift */; };
		205DD6BB24C1450A00309AAD /* SampleDView.swift in Sources */ = {isa = PBXBuildFile; fileRef = 205DD6BA24C1450A00309AAD /* SampleDView.swift */; };
		20B16B1124BF511600511F43 /* SampleSwiftUIApp.swift in Sources */ = {isa = PBXBuildFile; fileRef = 20B16B1024BF511600511F43 /* SampleSwiftUIApp.swift */; };
		20B16B1324BF511600511F43 /* ContentView.swift in Sources */ = {isa = PBXBuildFile; fileRef = 20B16B1224BF511600511F43 /* ContentView.swift */; };
		20B16B1524BF511700511F43 /* Assets.xcassets in Resources */ = {isa = PBXBuildFile; fileRef = 20B16B1424BF511700511F43 /* Assets.xcassets */; };
		20B16B1824BF511700511F43 /* Preview Assets.xcassets in Resources */ = {isa = PBXBuildFile; fileRef = 20B16B1724BF511700511F43 /* Preview Assets.xcassets */; };
		20B16B2324BF511700511F43 /* SampleSwiftUITests.swift in Sources */ = {isa = PBXBuildFile; fileRef = 20B16B2224BF511700511F43 /* SampleSwiftUITests.swift */; };
		20B16B2E24BF511700511F43 /* SampleSwiftUIUITests.swift in Sources */ = {isa = PBXBuildFile; fileRef = 20B16B2D24BF511700511F43 /* SampleSwiftUIUITests.swift */; };
		20DBD85E24C14CAD00389ED9 /* SampleDRow.swift in Sources */ = {isa = PBXBuildFile; fileRef = 20DBD85D24C14CAD00389ED9 /* SampleDRow.swift */; };
		20DBD86024C151FA00389ED9 /* SampleEViewModel.swift in Sources */ = {isa = PBXBuildFile; fileRef = 20DBD85F24C151FA00389ED9 /* SampleEViewModel.swift */; };
		20DBD86224C1520600389ED9 /* SampleEView.swift in Sources */ = {isa = PBXBuildFile; fileRef = 20DBD86124C1520600389ED9 /* SampleEView.swift */; };
		20DBD86424C1523100389ED9 /* SampleERow.swift in Sources */ = {isa = PBXBuildFile; fileRef = 20DBD86324C1523100389ED9 /* SampleERow.swift */; };
/* End PBXBuildFile section */

/* Begin PBXContainerItemProxy section */
		20B16B1F24BF511700511F43 /* PBXContainerItemProxy */ = {
			isa = PBXContainerItemProxy;
			containerPortal = 20B16B0524BF511600511F43 /* Project object */;
			proxyType = 1;
			remoteGlobalIDString = 20B16B0C24BF511600511F43;
			remoteInfo = SampleSwiftUI;
		};
		20B16B2A24BF511700511F43 /* PBXContainerItemProxy */ = {
			isa = PBXContainerItemProxy;
			containerPortal = 20B16B0524BF511600511F43 /* Project object */;
			proxyType = 1;
			remoteGlobalIDString = 20B16B0C24BF511600511F43;
			remoteInfo = SampleSwiftUI;
		};
/* End PBXContainerItemProxy section */

/* Begin PBXFileReference section */
		202AD20924BF739800EA0B79 /* SampleAView.swift */ = {isa = PBXFileReference; lastKnownFileType = sourcecode.swift; path = SampleAView.swift; sourceTree = "<group>"; };
		205DD6A924C0AC7D00309AAD /* SampleBView.swift */ = {isa = PBXFileReference; lastKnownFileType = sourcecode.swift; path = SampleBView.swift; sourceTree = "<group>"; };
		205DD6AD24C0ACE500309AAD /* SampleAViewModel.swift */ = {isa = PBXFileReference; lastKnownFileType = sourcecode.swift; path = SampleAViewModel.swift; sourceTree = "<group>"; };
		205DD6AF24C0B2BC00309AAD /* SampleBViewModel.swift */ = {isa = PBXFileReference; lastKnownFileType = sourcecode.swift; path = SampleBViewModel.swift; sourceTree = "<group>"; };
		205DD6B324C0B3AB00309AAD /* SampleCView.swift */ = {isa = PBXFileReference; lastKnownFileType = sourcecode.swift; path = SampleCView.swift; sourceTree = "<group>"; };
		205DD6B524C0B3C300309AAD /* SampleCViewModel.swift */ = {isa = PBXFileReference; lastKnownFileType = sourcecode.swift; path = SampleCViewModel.swift; sourceTree = "<group>"; };
		205DD6B824C0B8D200309AAD /* SampleRow.swift */ = {isa = PBXFileReference; lastKnownFileType = sourcecode.swift; path = SampleRow.swift; sourceTree = "<group>"; };
		205DD6BA24C1450A00309AAD /* SampleDView.swift */ = {isa = PBXFileReference; lastKnownFileType = sourcecode.swift; path = SampleDView.swift; sourceTree = "<group>"; };
		20B16B0D24BF511600511F43 /* SampleSwiftUI.app */ = {isa = PBXFileReference; explicitFileType = wrapper.application; includeInIndex = 0; path = SampleSwiftUI.app; sourceTree = BUILT_PRODUCTS_DIR; };
		20B16B1024BF511600511F43 /* SampleSwiftUIApp.swift */ = {isa = PBXFileReference; lastKnownFileType = sourcecode.swift; path = SampleSwiftUIApp.swift; sourceTree = "<group>"; };
		20B16B1224BF511600511F43 /* ContentView.swift */ = {isa = PBXFileReference; lastKnownFileType = sourcecode.swift; path = ContentView.swift; sourceTree = "<group>"; };
		20B16B1424BF511700511F43 /* Assets.xcassets */ = {isa = PBXFileReference; lastKnownFileType = folder.assetcatalog; path = Assets.xcassets; sourceTree = "<group>"; };
		20B16B1724BF511700511F43 /* Preview Assets.xcassets */ = {isa = PBXFileReference; lastKnownFileType = folder.assetcatalog; path = "Preview Assets.xcassets"; sourceTree = "<group>"; };
		20B16B1924BF511700511F43 /* Info.plist */ = {isa = PBXFileReference; lastKnownFileType = text.plist.xml; path = Info.plist; sourceTree = "<group>"; };
		20B16B1E24BF511700511F43 /* SampleSwiftUITests.xctest */ = {isa = PBXFileReference; explicitFileType = wrapper.cfbundle; includeInIndex = 0; path = SampleSwiftUITests.xctest; sourceTree = BUILT_PRODUCTS_DIR; };
		20B16B2224BF511700511F43 /* SampleSwiftUITests.swift */ = {isa = PBXFileReference; lastKnownFileType = sourcecode.swift; path = SampleSwiftUITests.swift; sourceTree = "<group>"; };
		20B16B2424BF511700511F43 /* Info.plist */ = {isa = PBXFileReference; lastKnownFileType = text.plist.xml; path = Info.plist; sourceTree = "<group>"; };
		20B16B2924BF511700511F43 /* SampleSwiftUIUITests.xctest */ = {isa = PBXFileReference; explicitFileType = wrapper.cfbundle; includeInIndex = 0; path = SampleSwiftUIUITests.xctest; sourceTree = BUILT_PRODUCTS_DIR; };
		20B16B2D24BF511700511F43 /* SampleSwiftUIUITests.swift */ = {isa = PBXFileReference; lastKnownFileType = sourcecode.swift; path = SampleSwiftUIUITests.swift; sourceTree = "<group>"; };
		20B16B2F24BF511700511F43 /* Info.plist */ = {isa = PBXFileReference; lastKnownFileType = text.plist.xml; path = Info.plist; sourceTree = "<group>"; };
		20DBD85D24C14CAD00389ED9 /* SampleDRow.swift */ = {isa = PBXFileReference; lastKnownFileType = sourcecode.swift; path = SampleDRow.swift; sourceTree = "<group>"; };
		20DBD85F24C151FA00389ED9 /* SampleEViewModel.swift */ = {isa = PBXFileReference; lastKnownFileType = sourcecode.swift; path = SampleEViewModel.swift; sourceTree = "<group>"; };
		20DBD86124C1520600389ED9 /* SampleEView.swift */ = {isa = PBXFileReference; lastKnownFileType = sourcecode.swift; path = SampleEView.swift; sourceTree = "<group>"; };
		20DBD86324C1523100389ED9 /* SampleERow.swift */ = {isa = PBXFileReference; lastKnownFileType = sourcecode.swift; path = SampleERow.swift; sourceTree = "<group>"; };
/* End PBXFileReference section */

/* Begin PBXFrameworksBuildPhase section */
		20B16B0A24BF511600511F43 /* Frameworks */ = {
			isa = PBXFrameworksBuildPhase;
			buildActionMask = 2147483647;
			files = (
			);
			runOnlyForDeploymentPostprocessing = 0;
		};
		20B16B1B24BF511700511F43 /* Frameworks */ = {
			isa = PBXFrameworksBuildPhase;
			buildActionMask = 2147483647;
			files = (
			);
			runOnlyForDeploymentPostprocessing = 0;
		};
		20B16B2624BF511700511F43 /* Frameworks */ = {
			isa = PBXFrameworksBuildPhase;
			buildActionMask = 2147483647;
			files = (
			);
			runOnlyForDeploymentPostprocessing = 0;
		};
/* End PBXFrameworksBuildPhase section */

/* Begin PBXGroup section */
		205DD6AB24C0ACC700309AAD /* Views */ = {
			isa = PBXGroup;
			children = (
				20B16B1224BF511600511F43 /* ContentView.swift */,
				202AD20924BF739800EA0B79 /* SampleAView.swift */,
				205DD6A924C0AC7D00309AAD /* SampleBView.swift */,
				205DD6B324C0B3AB00309AAD /* SampleCView.swift */,
				205DD6BA24C1450A00309AAD /* SampleDView.swift */,
				20DBD86124C1520600389ED9 /* SampleEView.swift */,
			);
			path = Views;
			sourceTree = "<group>";
		};
		205DD6AC24C0ACCF00309AAD /* ViewModel */ = {
			isa = PBXGroup;
			children = (
				205DD6AD24C0ACE500309AAD /* SampleAViewModel.swift */,
				205DD6AF24C0B2BC00309AAD /* SampleBViewModel.swift */,
				205DD6B524C0B3C300309AAD /* SampleCViewModel.swift */,
				20DBD85F24C151FA00389ED9 /* SampleEViewModel.swift */,
			);
			path = ViewModel;
			sourceTree = "<group>";
		};
		205DD6B724C0B8B900309AAD /* ViewComponents */ = {
			isa = PBXGroup;
			children = (
				205DD6B824C0B8D200309AAD /* SampleRow.swift */,
				20DBD85D24C14CAD00389ED9 /* SampleDRow.swift */,
				20DBD86324C1523100389ED9 /* SampleERow.swift */,
			);
			path = ViewComponents;
			sourceTree = "<group>";
		};
		20B16B0424BF511600511F43 = {
			isa = PBXGroup;
			children = (
				20B16B0F24BF511600511F43 /* SampleSwiftUI */,
				20B16B2124BF511700511F43 /* SampleSwiftUITests */,
				20B16B2C24BF511700511F43 /* SampleSwiftUIUITests */,
				20B16B0E24BF511600511F43 /* Products */,
			);
			sourceTree = "<group>";
		};
		20B16B0E24BF511600511F43 /* Products */ = {
			isa = PBXGroup;
			children = (
				20B16B0D24BF511600511F43 /* SampleSwiftUI.app */,
				20B16B1E24BF511700511F43 /* SampleSwiftUITests.xctest */,
				20B16B2924BF511700511F43 /* SampleSwiftUIUITests.xctest */,
			);
			name = Products;
			sourceTree = "<group>";
		};
		20B16B0F24BF511600511F43 /* SampleSwiftUI */ = {
			isa = PBXGroup;
			children = (
				20B16B1924BF511700511F43 /* Info.plist */,
				20B16B1424BF511700511F43 /* Assets.xcassets */,
				20B16B1024BF511600511F43 /* SampleSwiftUIApp.swift */,
				205DD6AB24C0ACC700309AAD /* Views */,
				205DD6B724C0B8B900309AAD /* ViewComponents */,
				205DD6AC24C0ACCF00309AAD /* ViewModel */,
				20B16B1624BF511700511F43 /* Preview Content */,
			);
			path = SampleSwiftUI;
			sourceTree = "<group>";
		};
		20B16B1624BF511700511F43 /* Preview Content */ = {
			isa = PBXGroup;
			children = (
				20B16B1724BF511700511F43 /* Preview Assets.xcassets */,
			);
			path = "Preview Content";
			sourceTree = "<group>";
		};
		20B16B2124BF511700511F43 /* SampleSwiftUITests */ = {
			isa = PBXGroup;
			children = (
				20B16B2224BF511700511F43 /* SampleSwiftUITests.swift */,
				20B16B2424BF511700511F43 /* Info.plist */,
			);
			path = SampleSwiftUITests;
			sourceTree = "<group>";
		};
		20B16B2C24BF511700511F43 /* SampleSwiftUIUITests */ = {
			isa = PBXGroup;
			children = (
				20B16B2D24BF511700511F43 /* SampleSwiftUIUITests.swift */,
				20B16B2F24BF511700511F43 /* Info.plist */,
			);
			path = SampleSwiftUIUITests;
			sourceTree = "<group>";
		};
/* End PBXGroup section */

/* Begin PBXNativeTarget section */
		20B16B0C24BF511600511F43 /* SampleSwiftUI */ = {
			isa = PBXNativeTarget;
			buildConfigurationList = 20B16B3224BF511700511F43 /* Build configuration list for PBXNativeTarget "SampleSwiftUI" */;
			buildPhases = (
				20B16B0924BF511600511F43 /* Sources */,
				20B16B0A24BF511600511F43 /* Frameworks */,
				20B16B0B24BF511600511F43 /* Resources */,
			);
			buildRules = (
			);
			dependencies = (
			);
			name = SampleSwiftUI;
			productName = SampleSwiftUI;
			productReference = 20B16B0D24BF511600511F43 /* SampleSwiftUI.app */;
			productType = "com.apple.product-type.application";
		};
		20B16B1D24BF511700511F43 /* SampleSwiftUITests */ = {
			isa = PBXNativeTarget;
			buildConfigurationList = 20B16B3524BF511700511F43 /* Build configuration list for PBXNativeTarget "SampleSwiftUITests" */;
			buildPhases = (
				20B16B1A24BF511700511F43 /* Sources */,
				20B16B1B24BF511700511F43 /* Frameworks */,
				20B16B1C24BF511700511F43 /* Resources */,
			);
			buildRules = (
			);
			dependencies = (
				20B16B2024BF511700511F43 /* PBXTargetDependency */,
			);
			name = SampleSwiftUITests;
			productName = SampleSwiftUITests;
			productReference = 20B16B1E24BF511700511F43 /* SampleSwiftUITests.xctest */;
			productType = "com.apple.product-type.bundle.unit-test";
		};
		20B16B2824BF511700511F43 /* SampleSwiftUIUITests */ = {
			isa = PBXNativeTarget;
			buildConfigurationList = 20B16B3824BF511700511F43 /* Build configuration list for PBXNativeTarget "SampleSwiftUIUITests" */;
			buildPhases = (
				20B16B2524BF511700511F43 /* Sources */,
				20B16B2624BF511700511F43 /* Frameworks */,
				20B16B2724BF511700511F43 /* Resources */,
			);
			buildRules = (
			);
			dependencies = (
				20B16B2B24BF511700511F43 /* PBXTargetDependency */,
			);
			name = SampleSwiftUIUITests;
			productName = SampleSwiftUIUITests;
			productReference = 20B16B2924BF511700511F43 /* SampleSwiftUIUITests.xctest */;
			productType = "com.apple.product-type.bundle.ui-testing";
		};
/* End PBXNativeTarget section */

/* Begin PBXProject section */
		20B16B0524BF511600511F43 /* Project object */ = {
			isa = PBXProject;
			attributes = {
				LastSwiftUpdateCheck = 1200;
				LastUpgradeCheck = 1200;
				TargetAttributes = {
					20B16B0C24BF511600511F43 = {
						CreatedOnToolsVersion = 12.0;
					};
					20B16B1D24BF511700511F43 = {
						CreatedOnToolsVersion = 12.0;
						TestTargetID = 20B16B0C24BF511600511F43;
					};
					20B16B2824BF511700511F43 = {
						CreatedOnToolsVersion = 12.0;
						TestTargetID = 20B16B0C24BF511600511F43;
					};
				};
			};
			buildConfigurationList = 20B16B0824BF511600511F43 /* Build configuration list for PBXProject "SampleSwiftUI" */;
			compatibilityVersion = "Xcode 9.3";
			developmentRegion = en;
			hasScannedForEncodings = 0;
			knownRegions = (
				en,
				Base,
			);
			mainGroup = 20B16B0424BF511600511F43;
			productRefGroup = 20B16B0E24BF511600511F43 /* Products */;
			projectDirPath = "";
			projectRoot = "";
			targets = (
				20B16B0C24BF511600511F43 /* SampleSwiftUI */,
				20B16B1D24BF511700511F43 /* SampleSwiftUITests */,
				20B16B2824BF511700511F43 /* SampleSwiftUIUITests */,
			);
		};
/* End PBXProject section */

/* Begin PBXResourcesBuildPhase section */
		20B16B0B24BF511600511F43 /* Resources */ = {
			isa = PBXResourcesBuildPhase;
			buildActionMask = 2147483647;
			files = (
				20B16B1824BF511700511F43 /* Preview Assets.xcassets in Resources */,
				20B16B1524BF511700511F43 /* Assets.xcassets in Resources */,
			);
			runOnlyForDeploymentPostprocessing = 0;
		};
		20B16B1C24BF511700511F43 /* Resources */ = {
			isa = PBXResourcesBuildPhase;
			buildActionMask = 2147483647;
			files = (
			);
			runOnlyForDeploymentPostprocessing = 0;
		};
		20B16B2724BF511700511F43 /* Resources */ = {
			isa = PBXResourcesBuildPhase;
			buildActionMask = 2147483647;
			files = (
			);
			runOnlyForDeploymentPostprocessing = 0;
		};
/* End PBXResourcesBuildPhase section */

/* Begin PBXSourcesBuildPhase section */
		20B16B0924BF511600511F43 /* Sources */ = {
			isa = PBXSourcesBuildPhase;
			buildActionMask = 2147483647;
			files = (
				20DBD86024C151FA00389ED9 /* SampleEViewModel.swift in Sources */,
				20DBD86224C1520600389ED9 /* SampleEView.swift in Sources */,
				202AD20A24BF739800EA0B79 /* SampleAView.swift in Sources */,
				20B16B1324BF511600511F43 /* ContentView.swift in Sources */,
				205DD6B624C0B3C300309AAD /* SampleCViewModel.swift in Sources */,
				205DD6B924C0B8D200309AAD /* SampleRow.swift in Sources */,
				20B16B1124BF511600511F43 /* SampleSwiftUIApp.swift in Sources */,
				205DD6BB24C1450A00309AAD /* SampleDView.swift in Sources */,
				20DBD86424C1523100389ED9 /* SampleERow.swift in Sources */,
				20DBD85E24C14CAD00389ED9 /* SampleDRow.swift in Sources */,
				205DD6B424C0B3AB00309AAD /* SampleCView.swift in Sources */,
				205DD6B024C0B2BC00309AAD /* SampleBViewModel.swift in Sources */,
				205DD6AA24C0AC7D00309AAD /* SampleBView.swift in Sources */,
				205DD6AE24C0ACE500309AAD /* SampleAViewModel.swift in Sources */,
			);
			runOnlyForDeploymentPostprocessing = 0;
		};
		20B16B1A24BF511700511F43 /* Sources */ = {
			isa = PBXSourcesBuildPhase;
			buildActionMask = 2147483647;
			files = (
				20B16B2324BF511700511F43 /* SampleSwiftUITests.swift in Sources */,
			);
			runOnlyForDeploymentPostprocessing = 0;
		};
		20B16B2524BF511700511F43 /* Sources */ = {
			isa = PBXSourcesBuildPhase;
			buildActionMask = 2147483647;
			files = (
				20B16B2E24BF511700511F43 /* SampleSwiftUIUITests.swift in Sources */,
			);
			runOnlyForDeploymentPostprocessing = 0;
		};
/* End PBXSourcesBuildPhase section */

/* Begin PBXTargetDependency section */
		20B16B2024BF511700511F43 /* PBXTargetDependency */ = {
			isa = PBXTargetDependency;
			target = 20B16B0C24BF511600511F43 /* SampleSwiftUI */;
			targetProxy = 20B16B1F24BF511700511F43 /* PBXContainerItemProxy */;
		};
		20B16B2B24BF511700511F43 /* PBXTargetDependency */ = {
			isa = PBXTargetDependency;
			target = 20B16B0C24BF511600511F43 /* SampleSwiftUI */;
			targetProxy = 20B16B2A24BF511700511F43 /* PBXContainerItemProxy */;
		};
/* End PBXTargetDependency section */

/* Begin XCBuildConfiguration section */
		20B16B3024BF511700511F43 /* Debug */ = {
			isa = XCBuildConfiguration;
			buildSettings = {
				ALWAYS_SEARCH_USER_PATHS = NO;
				CLANG_ANALYZER_NONNULL = YES;
				CLANG_ANALYZER_NUMBER_OBJECT_CONVERSION = YES_AGGRESSIVE;
				CLANG_CXX_LANGUAGE_STANDARD = "gnu++14";
				CLANG_CXX_LIBRARY = "libc++";
				CLANG_ENABLE_MODULES = YES;
				CLANG_ENABLE_OBJC_ARC = YES;
				CLANG_ENABLE_OBJC_WEAK = YES;
				CLANG_WARN_BLOCK_CAPTURE_AUTORELEASING = YES;
				CLANG_WARN_BOOL_CONVERSION = YES;
				CLANG_WARN_COMMA = YES;
				CLANG_WARN_CONSTANT_CONVERSION = YES;
				CLANG_WARN_DEPRECATED_OBJC_IMPLEMENTATIONS = YES;
				CLANG_WARN_DIRECT_OBJC_ISA_USAGE = YES_ERROR;
				CLANG_WARN_DOCUMENTATION_COMMENTS = YES;
				CLANG_WARN_EMPTY_BODY = YES;
				CLANG_WARN_ENUM_CONVERSION = YES;
				CLANG_WARN_INFINITE_RECURSION = YES;
				CLANG_WARN_INT_CONVERSION = YES;
				CLANG_WARN_NON_LITERAL_NULL_CONVERSION = YES;
				CLANG_WARN_OBJC_IMPLICIT_RETAIN_SELF = YES;
				CLANG_WARN_OBJC_LITERAL_CONVERSION = YES;
				CLANG_WARN_OBJC_ROOT_CLASS = YES_ERROR;
				CLANG_WARN_QUOTED_INCLUDE_IN_FRAMEWORK_HEADER = YES;
				CLANG_WARN_RANGE_LOOP_ANALYSIS = YES;
				CLANG_WARN_STRICT_PROTOTYPES = YES;
				CLANG_WARN_SUSPICIOUS_MOVE = YES;
				CLANG_WARN_UNGUARDED_AVAILABILITY = YES_AGGRESSIVE;
				CLANG_WARN_UNREACHABLE_CODE = YES;
				CLANG_WARN__DUPLICATE_METHOD_MATCH = YES;
				COPY_PHASE_STRIP = NO;
				DEBUG_INFORMATION_FORMAT = dwarf;
				ENABLE_STRICT_OBJC_MSGSEND = YES;
				ENABLE_TESTABILITY = YES;
				GCC_C_LANGUAGE_STANDARD = gnu11;
				GCC_DYNAMIC_NO_PIC = NO;
				GCC_NO_COMMON_BLOCKS = YES;
				GCC_OPTIMIZATION_LEVEL = 0;
				GCC_PREPROCESSOR_DEFINITIONS = (
					"DEBUG=1",
					"$(inherited)",
				);
				GCC_WARN_64_TO_32_BIT_CONVERSION = YES;
				GCC_WARN_ABOUT_RETURN_TYPE = YES_ERROR;
				GCC_WARN_UNDECLARED_SELECTOR = YES;
				GCC_WARN_UNINITIALIZED_AUTOS = YES_AGGRESSIVE;
				GCC_WARN_UNUSED_FUNCTION = YES;
				GCC_WARN_UNUSED_VARIABLE = YES;
				IPHONEOS_DEPLOYMENT_TARGET = 14.0;
				MTL_ENABLE_DEBUG_INFO = INCLUDE_SOURCE;
				MTL_FAST_MATH = YES;
				ONLY_ACTIVE_ARCH = YES;
				SDKROOT = iphoneos;
				SWIFT_ACTIVE_COMPILATION_CONDITIONS = DEBUG;
				SWIFT_OPTIMIZATION_LEVEL = "-Onone";
			};
			name = Debug;
		};
		20B16B3124BF511700511F43 /* Release */ = {
			isa = XCBuildConfiguration;
			buildSettings = {
				ALWAYS_SEARCH_USER_PATHS = NO;
				CLANG_ANALYZER_NONNULL = YES;
				CLANG_ANALYZER_NUMBER_OBJECT_CONVERSION = YES_AGGRESSIVE;
				CLANG_CXX_LANGUAGE_STANDARD = "gnu++14";
				CLANG_CXX_LIBRARY = "libc++";
				CLANG_ENABLE_MODULES = YES;
				CLANG_ENABLE_OBJC_ARC = YES;
				CLANG_ENABLE_OBJC_WEAK = YES;
				CLANG_WARN_BLOCK_CAPTURE_AUTORELEASING = YES;
				CLANG_WARN_BOOL_CONVERSION = YES;
				CLANG_WARN_COMMA = YES;
				CLANG_WARN_CONSTANT_CONVERSION = YES;
				CLANG_WARN_DEPRECATED_OBJC_IMPLEMENTATIONS = YES;
				CLANG_WARN_DIRECT_OBJC_ISA_USAGE = YES_ERROR;
				CLANG_WARN_DOCUMENTATION_COMMENTS = YES;
				CLANG_WARN_EMPTY_BODY = YES;
				CLANG_WARN_ENUM_CONVERSION = YES;
				CLANG_WARN_INFINITE_RECURSION = YES;
				CLANG_WARN_INT_CONVERSION = YES;
				CLANG_WARN_NON_LITERAL_NULL_CONVERSION = YES;
				CLANG_WARN_OBJC_IMPLICIT_RETAIN_SELF = YES;
				CLANG_WARN_OBJC_LITERAL_CONVERSION = YES;
				CLANG_WARN_OBJC_ROOT_CLASS = YES_ERROR;
				CLANG_WARN_QUOTED_INCLUDE_IN_FRAMEWORK_HEADER = YES;
				CLANG_WARN_RANGE_LOOP_ANALYSIS = YES;
				CLANG_WARN_STRICT_PROTOTYPES = YES;
				CLANG_WARN_SUSPICIOUS_MOVE = YES;
				CLANG_WARN_UNGUARDED_AVAILABILITY = YES_AGGRESSIVE;
				CLANG_WARN_UNREACHABLE_CODE = YES;
				CLANG_WARN__DUPLICATE_METHOD_MATCH = YES;
				COPY_PHASE_STRIP = NO;
				DEBUG_INFORMATION_FORMAT = "dwarf-with-dsym";
				ENABLE_NS_ASSERTIONS = NO;
				ENABLE_STRICT_OBJC_MSGSEND = YES;
				GCC_C_LANGUAGE_STANDARD = gnu11;
				GCC_NO_COMMON_BLOCKS = YES;
				GCC_WARN_64_TO_32_BIT_CONVERSION = YES;
				GCC_WARN_ABOUT_RETURN_TYPE = YES_ERROR;
				GCC_WARN_UNDECLARED_SELECTOR = YES;
				GCC_WARN_UNINITIALIZED_AUTOS = YES_AGGRESSIVE;
				GCC_WARN_UNUSED_FUNCTION = YES;
				GCC_WARN_UNUSED_VARIABLE = YES;
				IPHONEOS_DEPLOYMENT_TARGET = 14.0;
				MTL_ENABLE_DEBUG_INFO = NO;
				MTL_FAST_MATH = YES;
				SDKROOT = iphoneos;
				SWIFT_COMPILATION_MODE = wholemodule;
				SWIFT_OPTIMIZATION_LEVEL = "-O";
				VALIDATE_PRODUCT = YES;
			};
			name = Release;
		};
		20B16B3324BF511700511F43 /* Debug */ = {
			isa = XCBuildConfiguration;
			buildSettings = {
				ASSETCATALOG_COMPILER_APPICON_NAME = AppIcon;
				ASSETCATALOG_COMPILER_GLOBAL_ACCENT_COLOR_NAME = AccentColor;
				CODE_SIGN_STYLE = Automatic;
				DEVELOPMENT_ASSET_PATHS = "\"SampleSwiftUI/Preview Content\"";
				DEVELOPMENT_TEAM = 98UFL8A7L4;
				ENABLE_PREVIEWS = YES;
				INFOPLIST_FILE = SampleSwiftUI/Info.plist;
				IPHONEOS_DEPLOYMENT_TARGET = 14.0;
				LD_RUNPATH_SEARCH_PATHS = (
					"$(inherited)",
					"@executable_path/Frameworks",
				);
				PRODUCT_BUNDLE_IDENTIFIER = com.tubu.SampleSwiftUI;
				PRODUCT_NAME = "$(TARGET_NAME)";
				SWIFT_VERSION = 5.0;
				TARGETED_DEVICE_FAMILY = "1,2";
			};
			name = Debug;
		};
		20B16B3424BF511700511F43 /* Release */ = {
			isa = XCBuildConfiguration;
			buildSettings = {
				ASSETCATALOG_COMPILER_APPICON_NAME = AppIcon;
				ASSETCATALOG_COMPILER_GLOBAL_ACCENT_COLOR_NAME = AccentColor;
				CODE_SIGN_STYLE = Automatic;
				DEVELOPMENT_ASSET_PATHS = "\"SampleSwiftUI/Preview Content\"";
				DEVELOPMENT_TEAM = 98UFL8A7L4;
				ENABLE_PREVIEWS = YES;
				INFOPLIST_FILE = SampleSwiftUI/Info.plist;
				IPHONEOS_DEPLOYMENT_TARGET = 14.0;
				LD_RUNPATH_SEARCH_PATHS = (
					"$(inherited)",
					"@executable_path/Frameworks",
				);
				PRODUCT_BUNDLE_IDENTIFIER = com.tubu.SampleSwiftUI;
				PRODUCT_NAME = "$(TARGET_NAME)";
				SWIFT_VERSION = 5.0;
				TARGETED_DEVICE_FAMILY = "1,2";
			};
			name = Release;
		};
		20B16B3624BF511700511F43 /* Debug */ = {
			isa = XCBuildConfiguration;
			buildSettings = {
				ALWAYS_EMBED_SWIFT_STANDARD_LIBRARIES = YES;
				BUNDLE_LOADER = "$(TEST_HOST)";
				CODE_SIGN_STYLE = Automatic;
				DEVELOPMENT_TEAM = 98UFL8A7L4;
				INFOPLIST_FILE = SampleSwiftUITests/Info.plist;
				IPHONEOS_DEPLOYMENT_TARGET = 14.0;
				LD_RUNPATH_SEARCH_PATHS = (
					"$(inherited)",
					"@executable_path/Frameworks",
					"@loader_path/Frameworks",
				);
				PRODUCT_BUNDLE_IDENTIFIER = com.tubu.SampleSwiftUITests;
				PRODUCT_NAME = "$(TARGET_NAME)";
				SWIFT_VERSION = 5.0;
				TARGETED_DEVICE_FAMILY = "1,2";
				TEST_HOST = "$(BUILT_PRODUCTS_DIR)/SampleSwiftUI.app/SampleSwiftUI";
			};
			name = Debug;
		};
		20B16B3724BF511700511F43 /* Release */ = {
			isa = XCBuildConfiguration;
			buildSettings = {
				ALWAYS_EMBED_SWIFT_STANDARD_LIBRARIES = YES;
				BUNDLE_LOADER = "$(TEST_HOST)";
				CODE_SIGN_STYLE = Automatic;
				DEVELOPMENT_TEAM = 98UFL8A7L4;
				INFOPLIST_FILE = SampleSwiftUITests/Info.plist;
				IPHONEOS_DEPLOYMENT_TARGET = 14.0;
				LD_RUNPATH_SEARCH_PATHS = (
					"$(inherited)",
					"@executable_path/Frameworks",
					"@loader_path/Frameworks",
				);
				PRODUCT_BUNDLE_IDENTIFIER = com.tubu.SampleSwiftUITests;
				PRODUCT_NAME = "$(TARGET_NAME)";
				SWIFT_VERSION = 5.0;
				TARGETED_DEVICE_FAMILY = "1,2";
				TEST_HOST = "$(BUILT_PRODUCTS_DIR)/SampleSwiftUI.app/SampleSwiftUI";
			};
			name = Release;
		};
		20B16B3924BF511700511F43 /* Debug */ = {
			isa = XCBuildConfiguration;
			buildSettings = {
				ALWAYS_EMBED_SWIFT_STANDARD_LIBRARIES = YES;
				CODE_SIGN_STYLE = Automatic;
				DEVELOPMENT_TEAM = 98UFL8A7L4;
				INFOPLIST_FILE = SampleSwiftUIUITests/Info.plist;
				LD_RUNPATH_SEARCH_PATHS = (
					"$(inherited)",
					"@executable_path/Frameworks",
					"@loader_path/Frameworks",
				);
				PRODUCT_BUNDLE_IDENTIFIER = com.tubu.SampleSwiftUIUITests;
				PRODUCT_NAME = "$(TARGET_NAME)";
				SWIFT_VERSION = 5.0;
				TARGETED_DEVICE_FAMILY = "1,2";
				TEST_TARGET_NAME = SampleSwiftUI;
			};
			name = Debug;
		};
		20B16B3A24BF511700511F43 /* Release */ = {
			isa = XCBuildConfiguration;
			buildSettings = {
				ALWAYS_EMBED_SWIFT_STANDARD_LIBRARIES = YES;
				CODE_SIGN_STYLE = Automatic;
				DEVELOPMENT_TEAM = 98UFL8A7L4;
				INFOPLIST_FILE = SampleSwiftUIUITests/Info.plist;
				LD_RUNPATH_SEARCH_PATHS = (
					"$(inherited)",
					"@executable_path/Frameworks",
					"@loader_path/Frameworks",
				);
				PRODUCT_BUNDLE_IDENTIFIER = com.tubu.SampleSwiftUIUITests;
				PRODUCT_NAME = "$(TARGET_NAME)";
				SWIFT_VERSION = 5.0;
				TARGETED_DEVICE_FAMILY = "1,2";
				TEST_TARGET_NAME = SampleSwiftUI;
			};
			name = Release;
		};
/* End XCBuildConfiguration section */

/* Begin XCConfigurationList section */
		20B16B0824BF511600511F43 /* Build configuration list for PBXProject "SampleSwiftUI" */ = {
			isa = XCConfigurationList;
			buildConfigurations = (
				20B16B3024BF511700511F43 /* Debug */,
				20B16B3124BF511700511F43 /* Release */,
			);
			defaultConfigurationIsVisible = 0;
			defaultConfigurationName = Release;
		};
		20B16B3224BF511700511F43 /* Build configuration list for PBXNativeTarget "SampleSwiftUI" */ = {
			isa = XCConfigurationList;
			buildConfigurations = (
				20B16B3324BF511700511F43 /* Debug */,
				20B16B3424BF511700511F43 /* Release */,
			);
			defaultConfigurationIsVisible = 0;
			defaultConfigurationName = Release;
		};
		20B16B3524BF511700511F43 /* Build configuration list for PBXNativeTarget "SampleSwiftUITests" */ = {
			isa = XCConfigurationList;
			buildConfigurations = (
				20B16B3624BF511700511F43 /* Debug */,
				20B16B3724BF511700511F43 /* Release */,
			);
			defaultConfigurationIsVisible = 0;
			defaultConfigurationName = Release;
		};
		20B16B3824BF511700511F43 /* Build configuration list for PBXNativeTarget "SampleSwiftUIUITests" */ = {
			isa = XCConfigurationList;
			buildConfigurations = (
				20B16B3924BF511700511F43 /* Debug */,
				20B16B3A24BF511700511F43 /* Release */,
			);
			defaultConfigurationIsVisible = 0;
			defaultConfigurationName = Release;
		};
/* End XCConfigurationList section */
	};
	rootObject = 20B16B0524BF511600511F43 /* Project object */;
}
